// !$*UTF8*$!
{
	archiveVersion = 1;
	classes = {
	};
	objectVersion = 50;
	objects = {

/* Begin PBXBuildFile section */
		342D0916235651150081D0DF /* AppDelegate.swift in Sources */ = {isa = PBXBuildFile; fileRef = 342D0915235651150081D0DF /* AppDelegate.swift */; };
		342D0918235651150081D0DF /* SceneDelegate.swift in Sources */ = {isa = PBXBuildFile; fileRef = 342D0917235651150081D0DF /* SceneDelegate.swift */; };
		342D091A235651150081D0DF /* ViewController.swift in Sources */ = {isa = PBXBuildFile; fileRef = 342D0919235651150081D0DF /* ViewController.swift */; };
		342D091D235651150081D0DF /* Main.storyboard in Resources */ = {isa = PBXBuildFile; fileRef = 342D091B235651150081D0DF /* Main.storyboard */; };
		342D091F235651150081D0DF /* Assets.xcassets in Resources */ = {isa = PBXBuildFile; fileRef = 342D091E235651150081D0DF /* Assets.xcassets */; };
		342D0922235651150081D0DF /* LaunchScreen.storyboard in Resources */ = {isa = PBXBuildFile; fileRef = 342D0920235651150081D0DF /* LaunchScreen.storyboard */; };
		342D092C235651E60081D0DF /* CloudKit.framework in Frameworks */ = {isa = PBXBuildFile; fileRef = 342D092B235651E60081D0DF /* CloudKit.framework */; };
		342D09312356570D0081D0DF /* PostListTableViewController.swift in Sources */ = {isa = PBXBuildFile; fileRef = 342D09302356570D0081D0DF /* PostListTableViewController.swift */; };
		342D0933235657330081D0DF /* PostDetailTableViewController.swift in Sources */ = {isa = PBXBuildFile; fileRef = 342D0932235657330081D0DF /* PostDetailTableViewController.swift */; };
		342D0935235657410081D0DF /* AddPostTableViewController.swift in Sources */ = {isa = PBXBuildFile; fileRef = 342D0934235657410081D0DF /* AddPostTableViewController.swift */; };
		342D0938235657EF0081D0DF /* Post.swift in Sources */ = {isa = PBXBuildFile; fileRef = 342D0937235657EF0081D0DF /* Post.swift */; };
		342D093B23565C4C0081D0DF /* PostController.swift in Sources */ = {isa = PBXBuildFile; fileRef = 342D093A23565C4C0081D0DF /* PostController.swift */; };
		342D093F235662390081D0DF /* PostTableViewCell.swift in Sources */ = {isa = PBXBuildFile; fileRef = 342D093E235662390081D0DF /* PostTableViewCell.swift */; };
		342D09412356712E0081D0DF /* DateExtension.swift in Sources */ = {isa = PBXBuildFile; fileRef = 342D09402356712E0081D0DF /* DateExtension.swift */; };
/* End PBXBuildFile section */

/* Begin PBXFileReference section */
		342D0912235651150081D0DF /* continuumCK.app */ = {isa = PBXFileReference; explicitFileType = wrapper.application; includeInIndex = 0; path = continuumCK.app; sourceTree = BUILT_PRODUCTS_DIR; };
		342D0915235651150081D0DF /* AppDelegate.swift */ = {isa = PBXFileReference; lastKnownFileType = sourcecode.swift; path = AppDelegate.swift; sourceTree = "<group>"; };
		342D0917235651150081D0DF /* SceneDelegate.swift */ = {isa = PBXFileReference; lastKnownFileType = sourcecode.swift; path = SceneDelegate.swift; sourceTree = "<group>"; };
		342D0919235651150081D0DF /* ViewController.swift */ = {isa = PBXFileReference; lastKnownFileType = sourcecode.swift; path = ViewController.swift; sourceTree = "<group>"; };
		342D091C235651150081D0DF /* Base */ = {isa = PBXFileReference; lastKnownFileType = file.storyboard; name = Base; path = Base.lproj/Main.storyboard; sourceTree = "<group>"; };
		342D091E235651150081D0DF /* Assets.xcassets */ = {isa = PBXFileReference; lastKnownFileType = folder.assetcatalog; path = Assets.xcassets; sourceTree = "<group>"; };
		342D0921235651150081D0DF /* Base */ = {isa = PBXFileReference; lastKnownFileType = file.storyboard; name = Base; path = Base.lproj/LaunchScreen.storyboard; sourceTree = "<group>"; };
		342D0923235651150081D0DF /* Info.plist */ = {isa = PBXFileReference; lastKnownFileType = text.plist.xml; path = Info.plist; sourceTree = "<group>"; };
		342D0929235651E00081D0DF /* continuumCK.entitlements */ = {isa = PBXFileReference; lastKnownFileType = text.plist.entitlements; path = continuumCK.entitlements; sourceTree = "<group>"; };
		342D092B235651E60081D0DF /* CloudKit.framework */ = {isa = PBXFileReference; lastKnownFileType = wrapper.framework; name = CloudKit.framework; path = System/Library/Frameworks/CloudKit.framework; sourceTree = SDKROOT; };
		342D09302356570D0081D0DF /* PostListTableViewController.swift */ = {isa = PBXFileReference; lastKnownFileType = sourcecode.swift; path = PostListTableViewController.swift; sourceTree = "<group>"; };
		342D0932235657330081D0DF /* PostDetailTableViewController.swift */ = {isa = PBXFileReference; lastKnownFileType = sourcecode.swift; path = PostDetailTableViewController.swift; sourceTree = "<group>"; };
		342D0934235657410081D0DF /* AddPostTableViewController.swift */ = {isa = PBXFileReference; lastKnownFileType = sourcecode.swift; path = AddPostTableViewController.swift; sourceTree = "<group>"; };
		342D0937235657EF0081D0DF /* Post.swift */ = {isa = PBXFileReference; lastKnownFileType = sourcecode.swift; path = Post.swift; sourceTree = "<group>"; };
		342D093A23565C4C0081D0DF /* PostController.swift */ = {isa = PBXFileReference; lastKnownFileType = sourcecode.swift; path = PostController.swift; sourceTree = "<group>"; };
		342D093E235662390081D0DF /* PostTableViewCell.swift */ = {isa = PBXFileReference; lastKnownFileType = sourcecode.swift; path = PostTableViewCell.swift; sourceTree = "<group>"; };
		342D09402356712E0081D0DF /* DateExtension.swift */ = {isa = PBXFileReference; lastKnownFileType = sourcecode.swift; path = DateExtension.swift; sourceTree = "<group>"; };
/* End PBXFileReference section */

/* Begin PBXFrameworksBuildPhase section */
		342D090F235651150081D0DF /* Frameworks */ = {
			isa = PBXFrameworksBuildPhase;
			buildActionMask = 2147483647;
			files = (
				342D092C235651E60081D0DF /* CloudKit.framework in Frameworks */,
			);
			runOnlyForDeploymentPostprocessing = 0;
		};
/* End PBXFrameworksBuildPhase section */

/* Begin PBXGroup section */
		342D0909235651150081D0DF = {
			isa = PBXGroup;
			children = (
				342D0914235651150081D0DF /* continuumCK */,
				342D0913235651150081D0DF /* Products */,
				342D092A235651E60081D0DF /* Frameworks */,
			);
			sourceTree = "<group>";
		};
		342D0913235651150081D0DF /* Products */ = {
			isa = PBXGroup;
			children = (
				342D0912235651150081D0DF /* continuumCK.app */,
			);
			name = Products;
			sourceTree = "<group>";
		};
		342D0914235651150081D0DF /* continuumCK */ = {
			isa = PBXGroup;
			children = (
				342D091B235651150081D0DF /* Main.storyboard */,
				342D0929235651E00081D0DF /* continuumCK.entitlements */,
				342D093C235661B00081D0DF /* views */,
				342D0936235657DF0081D0DF /* model */,
				342D092E2356566F0081D0DF /* controllers */,
				342D0919235651150081D0DF /* ViewController.swift */,
				342D092D235652330081D0DF /* resources */,
				342D09402356712E0081D0DF /* DateExtension.swift */,
			);
			path = continuumCK;
			sourceTree = "<group>";
		};
		342D092A235651E60081D0DF /* Frameworks */ = {
			isa = PBXGroup;
			children = (
				342D092B235651E60081D0DF /* CloudKit.framework */,
			);
			name = Frameworks;
			sourceTree = "<group>";
		};
		342D092D235652330081D0DF /* resources */ = {
			isa = PBXGroup;
			children = (
				342D0915235651150081D0DF /* AppDelegate.swift */,
				342D0917235651150081D0DF /* SceneDelegate.swift */,
				342D091E235651150081D0DF /* Assets.xcassets */,
				342D0920235651150081D0DF /* LaunchScreen.storyboard */,
				342D0923235651150081D0DF /* Info.plist */,
			);
			path = resources;
			sourceTree = "<group>";
		};
		342D092E2356566F0081D0DF /* controllers */ = {
			isa = PBXGroup;
			children = (
				342D093923565C240081D0DF /* model controller */,
				342D092F235656790081D0DF /* view controllers */,
			);
			path = controllers;
			sourceTree = "<group>";
		};
		342D092F235656790081D0DF /* view controllers */ = {
			isa = PBXGroup;
			children = (
				342D09302356570D0081D0DF /* PostListTableViewController.swift */,
				342D0932235657330081D0DF /* PostDetailTableViewController.swift */,
				342D0934235657410081D0DF /* AddPostTableViewController.swift */,
			);
			path = "view controllers";
			sourceTree = "<group>";
		};
		342D0936235657DF0081D0DF /* model */ = {
			isa = PBXGroup;
			children = (
				342D0937235657EF0081D0DF /* Post.swift */,
			);
			path = model;
			sourceTree = "<group>";
		};
		342D093923565C240081D0DF /* model controller */ = {
			isa = PBXGroup;
			children = (
				342D093A23565C4C0081D0DF /* PostController.swift */,
			);
			path = "model controller";
			sourceTree = "<group>";
		};
		342D093C235661B00081D0DF /* views */ = {
			isa = PBXGroup;
			children = (
				342D093E235662390081D0DF /* PostTableViewCell.swift */,
			);
			path = views;
			sourceTree = "<group>";
		};
/* End PBXGroup section */

/* Begin PBXNativeTarget section */
		342D0911235651150081D0DF /* continuumCK */ = {
			isa = PBXNativeTarget;
			buildConfigurationList = 342D0926235651150081D0DF /* Build configuration list for PBXNativeTarget "continuumCK" */;
			buildPhases = (
				342D090E235651150081D0DF /* Sources */,
				342D090F235651150081D0DF /* Frameworks */,
				342D0910235651150081D0DF /* Resources */,
			);
			buildRules = (
			);
			dependencies = (
			);
			name = continuumCK;
			productName = continuumCK;
			productReference = 342D0912235651150081D0DF /* continuumCK.app */;
			productType = "com.apple.product-type.application";
		};
/* End PBXNativeTarget section */

/* Begin PBXProject section */
		342D090A235651150081D0DF /* Project object */ = {
			isa = PBXProject;
			attributes = {
				LastSwiftUpdateCheck = 1110;
				LastUpgradeCheck = 1110;
				ORGANIZATIONNAME = "Matthew O'Connor";
				TargetAttributes = {
					342D0911235651150081D0DF = {
						CreatedOnToolsVersion = 11.1;
					};
				};
			};
			buildConfigurationList = 342D090D235651150081D0DF /* Build configuration list for PBXProject "continuumCK" */;
			compatibilityVersion = "Xcode 9.3";
			developmentRegion = en;
			hasScannedForEncodings = 0;
			knownRegions = (
				en,
				Base,
			);
			mainGroup = 342D0909235651150081D0DF;
			productRefGroup = 342D0913235651150081D0DF /* Products */;
			projectDirPath = "";
			projectRoot = "";
			targets = (
				342D0911235651150081D0DF /* continuumCK */,
			);
		};
/* End PBXProject section */

/* Begin PBXResourcesBuildPhase section */
		342D0910235651150081D0DF /* Resources */ = {
			isa = PBXResourcesBuildPhase;
			buildActionMask = 2147483647;
			files = (
				342D0922235651150081D0DF /* LaunchScreen.storyboard in Resources */,
				342D091F235651150081D0DF /* Assets.xcassets in Resources */,
				342D091D235651150081D0DF /* Main.storyboard in Resources */,
			);
			runOnlyForDeploymentPostprocessing = 0;
		};
/* End PBXResourcesBuildPhase section */

/* Begin PBXSourcesBuildPhase section */
		342D090E235651150081D0DF /* Sources */ = {
			isa = PBXSourcesBuildPhase;
			buildActionMask = 2147483647;
			files = (
				342D0933235657330081D0DF /* PostDetailTableViewController.swift in Sources */,
				342D09412356712E0081D0DF /* DateExtension.swift in Sources */,
				342D093B23565C4C0081D0DF /* PostController.swift in Sources */,
				342D091A235651150081D0DF /* ViewController.swift in Sources */,
				342D0916235651150081D0DF /* AppDelegate.swift in Sources */,
				342D0918235651150081D0DF /* SceneDelegate.swift in Sources */,
				342D0935235657410081D0DF /* AddPostTableViewController.swift in Sources */,
				342D0938235657EF0081D0DF /* Post.swift in Sources */,
				342D09312356570D0081D0DF /* PostListTableViewController.swift in Sources */,
				342D093F235662390081D0DF /* PostTableViewCell.swift in Sources */,
			);
			runOnlyForDeploymentPostprocessing = 0;
		};
/* End PBXSourcesBuildPhase section */

/* Begin PBXVariantGroup section */
		342D091B235651150081D0DF /* Main.storyboard */ = {
			isa = PBXVariantGroup;
			children = (
				342D091C235651150081D0DF /* Base */,
			);
			name = Main.storyboard;
			sourceTree = "<group>";
		};
		342D0920235651150081D0DF /* LaunchScreen.storyboard */ = {
			isa = PBXVariantGroup;
			children = (
				342D0921235651150081D0DF /* Base */,
			);
			name = LaunchScreen.storyboard;
			sourceTree = "<group>";
		};
/* End PBXVariantGroup section */

/* Begin XCBuildConfiguration section */
		342D0924235651150081D0DF /* Debug */ = {
			isa = XCBuildConfiguration;
			buildSettings = {
				ALWAYS_SEARCH_USER_PATHS = NO;
				CLANG_ANALYZER_NONNULL = YES;
				CLANG_ANALYZER_NUMBER_OBJECT_CONVERSION = YES_AGGRESSIVE;
				CLANG_CXX_LANGUAGE_STANDARD = "gnu++14";
				CLANG_CXX_LIBRARY = "libc++";
				CLANG_ENABLE_MODULES = YES;
				CLANG_ENABLE_OBJC_ARC = YES;
				CLANG_ENABLE_OBJC_WEAK = YES;
				CLANG_WARN_BLOCK_CAPTURE_AUTORELEASING = YES;
				CLANG_WARN_BOOL_CONVERSION = YES;
				CLANG_WARN_COMMA = YES;
				CLANG_WARN_CONSTANT_CONVERSION = YES;
				CLANG_WARN_DEPRECATED_OBJC_IMPLEMENTATIONS = YES;
				CLANG_WARN_DIRECT_OBJC_ISA_USAGE = YES_ERROR;
				CLANG_WARN_DOCUMENTATION_COMMENTS = YES;
				CLANG_WARN_EMPTY_BODY = YES;
				CLANG_WARN_ENUM_CONVERSION = YES;
				CLANG_WARN_INFINITE_RECURSION = YES;
				CLANG_WARN_INT_CONVERSION = YES;
				CLANG_WARN_NON_LITERAL_NULL_CONVERSION = YES;
				CLANG_WARN_OBJC_IMPLICIT_RETAIN_SELF = YES;
				CLANG_WARN_OBJC_LITERAL_CONVERSION = YES;
				CLANG_WARN_OBJC_ROOT_CLASS = YES_ERROR;
				CLANG_WARN_RANGE_LOOP_ANALYSIS = YES;
				CLANG_WARN_STRICT_PROTOTYPES = YES;
				CLANG_WARN_SUSPICIOUS_MOVE = YES;
				CLANG_WARN_UNGUARDED_AVAILABILITY = YES_AGGRESSIVE;
				CLANG_WARN_UNREACHABLE_CODE = YES;
				CLANG_WARN__DUPLICATE_METHOD_MATCH = YES;
				COPY_PHASE_STRIP = NO;
				DEBUG_INFORMATION_FORMAT = dwarf;
				ENABLE_STRICT_OBJC_MSGSEND = YES;
				ENABLE_TESTABILITY = YES;
				GCC_C_LANGUAGE_STANDARD = gnu11;
				GCC_DYNAMIC_NO_PIC = NO;
				GCC_NO_COMMON_BLOCKS = YES;
				GCC_OPTIMIZATION_LEVEL = 0;
				GCC_PREPROCESSOR_DEFINITIONS = (
					"DEBUG=1",
					"$(inherited)",
				);
				GCC_WARN_64_TO_32_BIT_CONVERSION = YES;
				GCC_WARN_ABOUT_RETURN_TYPE = YES_ERROR;
				GCC_WARN_UNDECLARED_SELECTOR = YES;
				GCC_WARN_UNINITIALIZED_AUTOS = YES_AGGRESSIVE;
				GCC_WARN_UNUSED_FUNCTION = YES;
				GCC_WARN_UNUSED_VARIABLE = YES;
				IPHONEOS_DEPLOYMENT_TARGET = 13.1;
				MTL_ENABLE_DEBUG_INFO = INCLUDE_SOURCE;
				MTL_FAST_MATH = YES;
				ONLY_ACTIVE_ARCH = YES;
				SDKROOT = iphoneos;
				SWIFT_ACTIVE_COMPILATION_CONDITIONS = DEBUG;
				SWIFT_OPTIMIZATION_LEVEL = "-Onone";
			};
			name = Debug;
		};
		342D0925235651150081D0DF /* Release */ = {
			isa = XCBuildConfiguration;
			buildSettings = {
				ALWAYS_SEARCH_USER_PATHS = NO;
				CLANG_ANALYZER_NONNULL = YES;
				CLANG_ANALYZER_NUMBER_OBJECT_CONVERSION = YES_AGGRESSIVE;
				CLANG_CXX_LANGUAGE_STANDARD = "gnu++14";
				CLANG_CXX_LIBRARY = "libc++";
				CLANG_ENABLE_MODULES = YES;
				CLANG_ENABLE_OBJC_ARC = YES;
				CLANG_ENABLE_OBJC_WEAK = YES;
				CLANG_WARN_BLOCK_CAPTURE_AUTORELEASING = YES;
				CLANG_WARN_BOOL_CONVERSION = YES;
				CLANG_WARN_COMMA = YES;
				CLANG_WARN_CONSTANT_CONVERSION = YES;
				CLANG_WARN_DEPRECATED_OBJC_IMPLEMENTATIONS = YES;
				CLANG_WARN_DIRECT_OBJC_ISA_USAGE = YES_ERROR;
				CLANG_WARN_DOCUMENTATION_COMMENTS = YES;
				CLANG_WARN_EMPTY_BODY = YES;
				CLANG_WARN_ENUM_CONVERSION = YES;
				CLANG_WARN_INFINITE_RECURSION = YES;
				CLANG_WARN_INT_CONVERSION = YES;
				CLANG_WARN_NON_LITERAL_NULL_CONVERSION = YES;
				CLANG_WARN_OBJC_IMPLICIT_RETAIN_SELF = YES;
				CLANG_WARN_OBJC_LITERAL_CONVERSION = YES;
				CLANG_WARN_OBJC_ROOT_CLASS = YES_ERROR;
				CLANG_WARN_RANGE_LOOP_ANALYSIS = YES;
				CLANG_WARN_STRICT_PROTOTYPES = YES;
				CLANG_WARN_SUSPICIOUS_MOVE = YES;
				CLANG_WARN_UNGUARDED_AVAILABILITY = YES_AGGRESSIVE;
				CLANG_WARN_UNREACHABLE_CODE = YES;
				CLANG_WARN__DUPLICATE_METHOD_MATCH = YES;
				COPY_PHASE_STRIP = NO;
				DEBUG_INFORMATION_FORMAT = "dwarf-with-dsym";
				ENABLE_NS_ASSERTIONS = NO;
				ENABLE_STRICT_OBJC_MSGSEND = YES;
				GCC_C_LANGUAGE_STANDARD = gnu11;
				GCC_NO_COMMON_BLOCKS = YES;
				GCC_WARN_64_TO_32_BIT_CONVERSION = YES;
				GCC_WARN_ABOUT_RETURN_TYPE = YES_ERROR;
				GCC_WARN_UNDECLARED_SELECTOR = YES;
				GCC_WARN_UNINITIALIZED_AUTOS = YES_AGGRESSIVE;
				GCC_WARN_UNUSED_FUNCTION = YES;
				GCC_WARN_UNUSED_VARIABLE = YES;
				IPHONEOS_DEPLOYMENT_TARGET = 13.1;
				MTL_ENABLE_DEBUG_INFO = NO;
				MTL_FAST_MATH = YES;
				SDKROOT = iphoneos;
				SWIFT_COMPILATION_MODE = wholemodule;
				SWIFT_OPTIMIZATION_LEVEL = "-O";
				VALIDATE_PRODUCT = YES;
			};
			name = Release;
		};
		342D0927235651150081D0DF /* Debug */ = {
			isa = XCBuildConfiguration;
			buildSettings = {
				ASSETCATALOG_COMPILER_APPICON_NAME = AppIcon;
				CODE_SIGN_ENTITLEMENTS = continuumCK/continuumCK.entitlements;
				CODE_SIGN_STYLE = Automatic;
				DEVELOPMENT_TEAM = RRGZ3XLFVN;
				INFOPLIST_FILE = continuumCK/resources/Info.plist;
				LD_RUNPATH_SEARCH_PATHS = (
					"$(inherited)",
					"@executable_path/Frameworks",
				);
				PRODUCT_BUNDLE_IDENTIFIER = deltas2k.continuumCK;
				PRODUCT_NAME = "$(TARGET_NAME)";
				SWIFT_VERSION = 5.0;
				TARGETED_DEVICE_FAMILY = "1,2";
			};
			name = Debug;
		};
		342D0928235651150081D0DF /* Release */ = {
			isa = XCBuildConfiguration;
			buildSettings = {
				ASSETCATALOG_COMPILER_APPICON_NAME = AppIcon;
				CODE_SIGN_ENTITLEMENTS = continuumCK/continuumCK.entitlements;
				CODE_SIGN_STYLE = Automatic;
				DEVELOPMENT_TEAM = RRGZ3XLFVN;
				INFOPLIST_FILE = continuumCK/resources/Info.plist;
				LD_RUNPATH_SEARCH_PATHS = (
					"$(inherited)",
					"@executable_path/Frameworks",
				);
				PRODUCT_BUNDLE_IDENTIFIER = deltas2k.continuumCK;
				PRODUCT_NAME = "$(TARGET_NAME)";
				SWIFT_VERSION = 5.0;
				TARGETED_DEVICE_FAMILY = "1,2";
			};
			name = Release;
		};
/* End XCBuildConfiguration section */

/* Begin XCConfigurationList section */
		342D090D235651150081D0DF /* Build configuration list for PBXProject "continuumCK" */ = {
			isa = XCConfigurationList;
			buildConfigurations = (
				342D0924235651150081D0DF /* Debug */,
				342D0925235651150081D0DF /* Release */,
			);
			defaultConfigurationIsVisible = 0;
			defaultConfigurationName = Release;
		};
		342D0926235651150081D0DF /* Build configuration list for PBXNativeTarget "continuumCK" */ = {
			isa = XCConfigurationList;
			buildConfigurations = (
				342D0927235651150081D0DF /* Debug */,
				342D0928235651150081D0DF /* Release */,
			);
			defaultConfigurationIsVisible = 0;
			defaultConfigurationName = Release;
		};
/* End XCConfigurationList section */
	};
	rootObject = 342D090A235651150081D0DF /* Project object */;
}
